
Microsoft Visual Studio Solution File, Format Version 12.00
# Visual Studio Version 16
VisualStudioVersion = 16.0.29709.97
MinimumVisualStudioVersion = 10.0.40219.1
Project("{FAE04EC0-301F-11D3-BF4B-00C04F79EFBC}") = "ProjectTet", "Tetris\ProjectTet.csproj", "{A780BBDE-AE8B-473D-8AF4-B97BD5EFDA2A}"
EndProject
Global
	GlobalSection(SolutionConfigurationPlatforms) = preSolution
		Debug|Any CPU = Debug|Any CPU
		Release|Any CPU = Release|Any CPU
	EndGlobalSection
	GlobalSection(ProjectConfigurationPlatforms) = postSolution
		{A780BBDE-AE8B-473D-8AF4-B97BD5EFDA2A}.Debug|Any CPU.ActiveCfg = Debug|Any CPU
		{A780BBDE-AE8B-473D-8AF4-B97BD5EFDA2A}.Debug|Any CPU.Build.0 = Debug|Any CPU
		{A780BBDE-AE8B-473D-8AF4-B97BD5EFDA2A}.Release|Any CPU.ActiveCfg = Release|Any CPU
		{A780BBDE-AE8B-473D-8AF4-B97BD5EFDA2A}.Release|Any CPU.Build.0 = Release|Any CPU
	EndGlobalSection
	GlobalSection(SolutionProperties) = preSolution
		HideSolutionNode = FALSE
	EndGlobalSection
	GlobalSection(ExtensibilityGlobals) = postSolution
		SolutionGuid = {E61F7657-7B2D-49FD-97BE-B7E5E5B1670C}
	EndGlobalSection
EndGlobal
